// !$*UTF8*$!
{
	archiveVersion = 1;
	classes = {
	};
	objectVersion = 56;
	objects = {

/* Begin PBXBuildFile section */
		97F0A52E2AC9050A00C108A8 /* AudioProcessorApp.swift in Sources */ = {isa = PBXBuildFile; fileRef = 97F0A52D2AC9050A00C108A8 /* AudioProcessorApp.swift */; };
		97F0A5302AC9050A00C108A8 /* ContentView.swift in Sources */ = {isa = PBXBuildFile; fileRef = 97F0A52F2AC9050A00C108A8 /* ContentView.swift */; };
		97F0A5322AC9050C00C108A8 /* Assets.xcassets in Resources */ = {isa = PBXBuildFile; fileRef = 97F0A5312AC9050C00C108A8 /* Assets.xcassets */; };
		97F0A5352AC9050C00C108A8 /* Preview Assets.xcassets in Resources */ = {isa = PBXBuildFile; fileRef = 97F0A5342AC9050C00C108A8 /* Preview Assets.xcassets */; };
		97F0A5372AC9050C00C108A8 /* Persistence.swift in Sources */ = {isa = PBXBuildFile; fileRef = 97F0A5362AC9050C00C108A8 /* Persistence.swift */; };
		97F0A53A2AC9050C00C108A8 /* AudioProcessor.xcdatamodeld in Sources */ = {isa = PBXBuildFile; fileRef = 97F0A5382AC9050C00C108A8 /* AudioProcessor.xcdatamodeld */; };
		97F0A5442AC9050D00C108A8 /* AudioProcessorTests.swift in Sources */ = {isa = PBXBuildFile; fileRef = 97F0A5432AC9050D00C108A8 /* AudioProcessorTests.swift */; };
		97F0A54E2AC9050D00C108A8 /* AudioProcessorUITests.swift in Sources */ = {isa = PBXBuildFile; fileRef = 97F0A54D2AC9050D00C108A8 /* AudioProcessorUITests.swift */; };
		97F0A5502AC9050D00C108A8 /* AudioProcessorUITestsLaunchTests.swift in Sources */ = {isa = PBXBuildFile; fileRef = 97F0A54F2AC9050D00C108A8 /* AudioProcessorUITestsLaunchTests.swift */; };
/* End PBXBuildFile section */

/* Begin PBXContainerItemProxy section */
		97F0A5402AC9050D00C108A8 /* PBXContainerItemProxy */ = {
			isa = PBXContainerItemProxy;
			containerPortal = 97F0A5222AC9050A00C108A8 /* Project object */;
			proxyType = 1;
			remoteGlobalIDString = 97F0A5292AC9050A00C108A8;
			remoteInfo = AudioProcessor;
		};
		97F0A54A2AC9050D00C108A8 /* PBXContainerItemProxy */ = {
			isa = PBXContainerItemProxy;
			containerPortal = 97F0A5222AC9050A00C108A8 /* Project object */;
			proxyType = 1;
			remoteGlobalIDString = 97F0A5292AC9050A00C108A8;
			remoteInfo = AudioProcessor;
		};
/* End PBXContainerItemProxy section */

/* Begin PBXFileReference section */
		97F0A52A2AC9050A00C108A8 /* AudioProcessor.app */ = {isa = PBXFileReference; explicitFileType = wrapper.application; includeInIndex = 0; path = AudioProcessor.app; sourceTree = BUILT_PRODUCTS_DIR; };
		97F0A52D2AC9050A00C108A8 /* AudioProcessorApp.swift */ = {isa = PBXFileReference; lastKnownFileType = sourcecode.swift; path = AudioProcessorApp.swift; sourceTree = "<group>"; };
		97F0A52F2AC9050A00C108A8 /* ContentView.swift */ = {isa = PBXFileReference; lastKnownFileType = sourcecode.swift; path = ContentView.swift; sourceTree = "<group>"; };
		97F0A5312AC9050C00C108A8 /* Assets.xcassets */ = {isa = PBXFileReference; lastKnownFileType = folder.assetcatalog; path = Assets.xcassets; sourceTree = "<group>"; };
		97F0A5342AC9050C00C108A8 /* Preview Assets.xcassets */ = {isa = PBXFileReference; lastKnownFileType = folder.assetcatalog; path = "Preview Assets.xcassets"; sourceTree = "<group>"; };
		97F0A5362AC9050C00C108A8 /* Persistence.swift */ = {isa = PBXFileReference; lastKnownFileType = sourcecode.swift; path = Persistence.swift; sourceTree = "<group>"; };
		97F0A5392AC9050C00C108A8 /* AudioProcessor.xcdatamodel */ = {isa = PBXFileReference; lastKnownFileType = wrapper.xcdatamodel; path = AudioProcessor.xcdatamodel; sourceTree = "<group>"; };
		97F0A53F2AC9050D00C108A8 /* AudioProcessorTests.xctest */ = {isa = PBXFileReference; explicitFileType = wrapper.cfbundle; includeInIndex = 0; path = AudioProcessorTests.xctest; sourceTree = BUILT_PRODUCTS_DIR; };
		97F0A5432AC9050D00C108A8 /* AudioProcessorTests.swift */ = {isa = PBXFileReference; lastKnownFileType = sourcecode.swift; path = AudioProcessorTests.swift; sourceTree = "<group>"; };
		97F0A5492AC9050D00C108A8 /* AudioProcessorUITests.xctest */ = {isa = PBXFileReference; explicitFileType = wrapper.cfbundle; includeInIndex = 0; path = AudioProcessorUITests.xctest; sourceTree = BUILT_PRODUCTS_DIR; };
		97F0A54D2AC9050D00C108A8 /* AudioProcessorUITests.swift */ = {isa = PBXFileReference; lastKnownFileType = sourcecode.swift; path = AudioProcessorUITests.swift; sourceTree = "<group>"; };
		97F0A54F2AC9050D00C108A8 /* AudioProcessorUITestsLaunchTests.swift */ = {isa = PBXFileReference; lastKnownFileType = sourcecode.swift; path = AudioProcessorUITestsLaunchTests.swift; sourceTree = "<group>"; };
/* End PBXFileReference section */

/* Begin PBXFrameworksBuildPhase section */
		97F0A5272AC9050A00C108A8 /* Frameworks */ = {
			isa = PBXFrameworksBuildPhase;
			buildActionMask = 2147483647;
			files = (
			);
			runOnlyForDeploymentPostprocessing = 0;
		};
		97F0A53C2AC9050D00C108A8 /* Frameworks */ = {
			isa = PBXFrameworksBuildPhase;
			buildActionMask = 2147483647;
			files = (
			);
			runOnlyForDeploymentPostprocessing = 0;
		};
		97F0A5462AC9050D00C108A8 /* Frameworks */ = {
			isa = PBXFrameworksBuildPhase;
			buildActionMask = 2147483647;
			files = (
			);
			runOnlyForDeploymentPostprocessing = 0;
		};
/* End PBXFrameworksBuildPhase section */

/* Begin PBXGroup section */
		97F0A5212AC9050A00C108A8 = {
			isa = PBXGroup;
			children = (
				97F0A52C2AC9050A00C108A8 /* AudioProcessor */,
				97F0A5422AC9050D00C108A8 /* AudioProcessorTests */,
				97F0A54C2AC9050D00C108A8 /* AudioProcessorUITests */,
				97F0A52B2AC9050A00C108A8 /* Products */,
			);
			sourceTree = "<group>";
		};
		97F0A52B2AC9050A00C108A8 /* Products */ = {
			isa = PBXGroup;
			children = (
				97F0A52A2AC9050A00C108A8 /* AudioProcessor.app */,
				97F0A53F2AC9050D00C108A8 /* AudioProcessorTests.xctest */,
				97F0A5492AC9050D00C108A8 /* AudioProcessorUITests.xctest */,
			);
			name = Products;
			sourceTree = "<group>";
		};
		97F0A52C2AC9050A00C108A8 /* AudioProcessor */ = {
			isa = PBXGroup;
			children = (
				97F0A52D2AC9050A00C108A8 /* AudioProcessorApp.swift */,
				97F0A52F2AC9050A00C108A8 /* ContentView.swift */,
				97F0A5312AC9050C00C108A8 /* Assets.xcassets */,
				97F0A5362AC9050C00C108A8 /* Persistence.swift */,
				97F0A5382AC9050C00C108A8 /* AudioProcessor.xcdatamodeld */,
				97F0A5332AC9050C00C108A8 /* Preview Content */,
			);
			path = AudioProcessor;
			sourceTree = "<group>";
		};
		97F0A5332AC9050C00C108A8 /* Preview Content */ = {
			isa = PBXGroup;
			children = (
				97F0A5342AC9050C00C108A8 /* Preview Assets.xcassets */,
			);
			path = "Preview Content";
			sourceTree = "<group>";
		};
		97F0A5422AC9050D00C108A8 /* AudioProcessorTests */ = {
			isa = PBXGroup;
			children = (
				97F0A5432AC9050D00C108A8 /* AudioProcessorTests.swift */,
			);
			path = AudioProcessorTests;
			sourceTree = "<group>";
		};
		97F0A54C2AC9050D00C108A8 /* AudioProcessorUITests */ = {
			isa = PBXGroup;
			children = (
				97F0A54D2AC9050D00C108A8 /* AudioProcessorUITests.swift */,
				97F0A54F2AC9050D00C108A8 /* AudioProcessorUITestsLaunchTests.swift */,
			);
			path = AudioProcessorUITests;
			sourceTree = "<group>";
		};
/* End PBXGroup section */

/* Begin PBXNativeTarget section */
		97F0A5292AC9050A00C108A8 /* AudioProcessor */ = {
			isa = PBXNativeTarget;
			buildConfigurationList = 97F0A5532AC9050D00C108A8 /* Build configuration list for PBXNativeTarget "AudioProcessor" */;
			buildPhases = (
				97F0A5262AC9050A00C108A8 /* Sources */,
				97F0A5272AC9050A00C108A8 /* Frameworks */,
				97F0A5282AC9050A00C108A8 /* Resources */,
			);
			buildRules = (
			);
			dependencies = (
			);
			name = AudioProcessor;
			productName = AudioProcessor;
			productReference = 97F0A52A2AC9050A00C108A8 /* AudioProcessor.app */;
			productType = "com.apple.product-type.application";
		};
		97F0A53E2AC9050D00C108A8 /* AudioProcessorTests */ = {
			isa = PBXNativeTarget;
			buildConfigurationList = 97F0A5562AC9050D00C108A8 /* Build configuration list for PBXNativeTarget "AudioProcessorTests" */;
			buildPhases = (
				97F0A53B2AC9050D00C108A8 /* Sources */,
				97F0A53C2AC9050D00C108A8 /* Frameworks */,
				97F0A53D2AC9050D00C108A8 /* Resources */,
			);
			buildRules = (
			);
			dependencies = (
				97F0A5412AC9050D00C108A8 /* PBXTargetDependency */,
			);
			name = AudioProcessorTests;
			productName = AudioProcessorTests;
			productReference = 97F0A53F2AC9050D00C108A8 /* AudioProcessorTests.xctest */;
			productType = "com.apple.product-type.bundle.unit-test";
		};
		97F0A5482AC9050D00C108A8 /* AudioProcessorUITests */ = {
			isa = PBXNativeTarget;
			buildConfigurationList = 97F0A5592AC9050D00C108A8 /* Build configuration list for PBXNativeTarget "AudioProcessorUITests" */;
			buildPhases = (
				97F0A5452AC9050D00C108A8 /* Sources */,
				97F0A5462AC9050D00C108A8 /* Frameworks */,
				97F0A5472AC9050D00C108A8 /* Resources */,
			);
			buildRules = (
			);
			dependencies = (
				97F0A54B2AC9050D00C108A8 /* PBXTargetDependency */,
			);
			name = AudioProcessorUITests;
			productName = AudioProcessorUITests;
			productReference = 97F0A5492AC9050D00C108A8 /* AudioProcessorUITests.xctest */;
			productType = "com.apple.product-type.bundle.ui-testing";
		};
/* End PBXNativeTarget section */

/* Begin PBXProject section */
		97F0A5222AC9050A00C108A8 /* Project object */ = {
			isa = PBXProject;
			attributes = {
				BuildIndependentTargetsInParallel = 1;
				LastSwiftUpdateCheck = 1430;
				LastUpgradeCheck = 1430;
				TargetAttributes = {
					97F0A5292AC9050A00C108A8 = {
						CreatedOnToolsVersion = 14.3.1;
					};
					97F0A53E2AC9050D00C108A8 = {
						CreatedOnToolsVersion = 14.3.1;
						TestTargetID = 97F0A5292AC9050A00C108A8;
					};
					97F0A5482AC9050D00C108A8 = {
						CreatedOnToolsVersion = 14.3.1;
						TestTargetID = 97F0A5292AC9050A00C108A8;
					};
				};
			};
			buildConfigurationList = 97F0A5252AC9050A00C108A8 /* Build configuration list for PBXProject "AudioProcessor" */;
			compatibilityVersion = "Xcode 14.0";
			developmentRegion = en;
			hasScannedForEncodings = 0;
			knownRegions = (
				en,
				Base,
			);
			mainGroup = 97F0A5212AC9050A00C108A8;
			productRefGroup = 97F0A52B2AC9050A00C108A8 /* Products */;
			projectDirPath = "";
			projectRoot = "";
			targets = (
				97F0A5292AC9050A00C108A8 /* AudioProcessor */,
				97F0A53E2AC9050D00C108A8 /* AudioProcessorTests */,
				97F0A5482AC9050D00C108A8 /* AudioProcessorUITests */,
			);
		};
/* End PBXProject section */

/* Begin PBXResourcesBuildPhase section */
		97F0A5282AC9050A00C108A8 /* Resources */ = {
			isa = PBXResourcesBuildPhase;
			buildActionMask = 2147483647;
			files = (
				97F0A5352AC9050C00C108A8 /* Preview Assets.xcassets in Resources */,
				97F0A5322AC9050C00C108A8 /* Assets.xcassets in Resources */,
			);
			runOnlyForDeploymentPostprocessing = 0;
		};
		97F0A53D2AC9050D00C108A8 /* Resources */ = {
			isa = PBXResourcesBuildPhase;
			buildActionMask = 2147483647;
			files = (
			);
			runOnlyForDeploymentPostprocessing = 0;
		};
		97F0A5472AC9050D00C108A8 /* Resources */ = {
			isa = PBXResourcesBuildPhase;
			buildActionMask = 2147483647;
			files = (
			);
			runOnlyForDeploymentPostprocessing = 0;
		};
/* End PBXResourcesBuildPhase section */

/* Begin PBXSourcesBuildPhase section */
		97F0A5262AC9050A00C108A8 /* Sources */ = {
			isa = PBXSourcesBuildPhase;
			buildActionMask = 2147483647;
			files = (
				97F0A5372AC9050C00C108A8 /* Persistence.swift in Sources */,
				97F0A53A2AC9050C00C108A8 /* AudioProcessor.xcdatamodeld in Sources */,
				97F0A5302AC9050A00C108A8 /* ContentView.swift in Sources */,
				97F0A52E2AC9050A00C108A8 /* AudioProcessorApp.swift in Sources */,
			);
			runOnlyForDeploymentPostprocessing = 0;
		};
		97F0A53B2AC9050D00C108A8 /* Sources */ = {
			isa = PBXSourcesBuildPhase;
			buildActionMask = 2147483647;
			files = (
				97F0A5442AC9050D00C108A8 /* AudioProcessorTests.swift in Sources */,
			);
			runOnlyForDeploymentPostprocessing = 0;
		};
		97F0A5452AC9050D00C108A8 /* Sources */ = {
			isa = PBXSourcesBuildPhase;
			buildActionMask = 2147483647;
			files = (
				97F0A5502AC9050D00C108A8 /* AudioProcessorUITestsLaunchTests.swift in Sources */,
				97F0A54E2AC9050D00C108A8 /* AudioProcessorUITests.swift in Sources */,
			);
			runOnlyForDeploymentPostprocessing = 0;
		};
/* End PBXSourcesBuildPhase section */

/* Begin PBXTargetDependency section */
		97F0A5412AC9050D00C108A8 /* PBXTargetDependency */ = {
			isa = PBXTargetDependency;
			target = 97F0A5292AC9050A00C108A8 /* AudioProcessor */;
			targetProxy = 97F0A5402AC9050D00C108A8 /* PBXContainerItemProxy */;
		};
		97F0A54B2AC9050D00C108A8 /* PBXTargetDependency */ = {
			isa = PBXTargetDependency;
			target = 97F0A5292AC9050A00C108A8 /* AudioProcessor */;
			targetProxy = 97F0A54A2AC9050D00C108A8 /* PBXContainerItemProxy */;
		};
/* End PBXTargetDependency section */

/* Begin XCBuildConfiguration section */
		97F0A5512AC9050D00C108A8 /* Debug */ = {
			isa = XCBuildConfiguration;
			buildSettings = {
				ALWAYS_SEARCH_USER_PATHS = NO;
				CLANG_ANALYZER_NONNULL = YES;
				CLANG_ANALYZER_NUMBER_OBJECT_CONVERSION = YES_AGGRESSIVE;
				CLANG_CXX_LANGUAGE_STANDARD = "gnu++20";
				CLANG_ENABLE_MODULES = YES;
				CLANG_ENABLE_OBJC_ARC = YES;
				CLANG_ENABLE_OBJC_WEAK = YES;
				CLANG_WARN_BLOCK_CAPTURE_AUTORELEASING = YES;
				CLANG_WARN_BOOL_CONVERSION = YES;
				CLANG_WARN_COMMA = YES;
				CLANG_WARN_CONSTANT_CONVERSION = YES;
				CLANG_WARN_DEPRECATED_OBJC_IMPLEMENTATIONS = YES;
				CLANG_WARN_DIRECT_OBJC_ISA_USAGE = YES_ERROR;
				CLANG_WARN_DOCUMENTATION_COMMENTS = YES;
				CLANG_WARN_EMPTY_BODY = YES;
				CLANG_WARN_ENUM_CONVERSION = YES;
				CLANG_WARN_INFINITE_RECURSION = YES;
				CLANG_WARN_INT_CONVERSION = YES;
				CLANG_WARN_NON_LITERAL_NULL_CONVERSION = YES;
				CLANG_WARN_OBJC_IMPLICIT_RETAIN_SELF = YES;
				CLANG_WARN_OBJC_LITERAL_CONVERSION = YES;
				CLANG_WARN_OBJC_ROOT_CLASS = YES_ERROR;
				CLANG_WARN_QUOTED_INCLUDE_IN_FRAMEWORK_HEADER = YES;
				CLANG_WARN_RANGE_LOOP_ANALYSIS = YES;
				CLANG_WARN_STRICT_PROTOTYPES = YES;
				CLANG_WARN_SUSPICIOUS_MOVE = YES;
				CLANG_WARN_UNGUARDED_AVAILABILITY = YES_AGGRESSIVE;
				CLANG_WARN_UNREACHABLE_CODE = YES;
				CLANG_WARN__DUPLICATE_METHOD_MATCH = YES;
				COPY_PHASE_STRIP = NO;
				DEBUG_INFORMATION_FORMAT = dwarf;
				ENABLE_STRICT_OBJC_MSGSEND = YES;
				ENABLE_TESTABILITY = YES;
				GCC_C_LANGUAGE_STANDARD = gnu11;
				GCC_DYNAMIC_NO_PIC = NO;
				GCC_NO_COMMON_BLOCKS = YES;
				GCC_OPTIMIZATION_LEVEL = 0;
				GCC_PREPROCESSOR_DEFINITIONS = (
					"DEBUG=1",
					"$(inherited)",
				);
				GCC_WARN_64_TO_32_BIT_CONVERSION = YES;
				GCC_WARN_ABOUT_RETURN_TYPE = YES_ERROR;
				GCC_WARN_UNDECLARED_SELECTOR = YES;
				GCC_WARN_UNINITIALIZED_AUTOS = YES_AGGRESSIVE;
				GCC_WARN_UNUSED_FUNCTION = YES;
				GCC_WARN_UNUSED_VARIABLE = YES;
				IPHONEOS_DEPLOYMENT_TARGET = 16.4;
				MTL_ENABLE_DEBUG_INFO = INCLUDE_SOURCE;
				MTL_FAST_MATH = YES;
				ONLY_ACTIVE_ARCH = YES;
				SDKROOT = iphoneos;
				SWIFT_ACTIVE_COMPILATION_CONDITIONS = DEBUG;
				SWIFT_OPTIMIZATION_LEVEL = "-Onone";
			};
			name = Debug;
		};
		97F0A5522AC9050D00C108A8 /* Release */ = {
			isa = XCBuildConfiguration;
			buildSettings = {
				ALWAYS_SEARCH_USER_PATHS = NO;
				CLANG_ANALYZER_NONNULL = YES;
				CLANG_ANALYZER_NUMBER_OBJECT_CONVERSION = YES_AGGRESSIVE;
				CLANG_CXX_LANGUAGE_STANDARD = "gnu++20";
				CLANG_ENABLE_MODULES = YES;
				CLANG_ENABLE_OBJC_ARC = YES;
				CLANG_ENABLE_OBJC_WEAK = YES;
				CLANG_WARN_BLOCK_CAPTURE_AUTORELEASING = YES;
				CLANG_WARN_BOOL_CONVERSION = YES;
				CLANG_WARN_COMMA = YES;
				CLANG_WARN_CONSTANT_CONVERSION = YES;
				CLANG_WARN_DEPRECATED_OBJC_IMPLEMENTATIONS = YES;
				CLANG_WARN_DIRECT_OBJC_ISA_USAGE = YES_ERROR;
				CLANG_WARN_DOCUMENTATION_COMMENTS = YES;
				CLANG_WARN_EMPTY_BODY = YES;
				CLANG_WARN_ENUM_CONVERSION = YES;
				CLANG_WARN_INFINITE_RECURSION = YES;
				CLANG_WARN_INT_CONVERSION = YES;
				CLANG_WARN_NON_LITERAL_NULL_CONVERSION = YES;
				CLANG_WARN_OBJC_IMPLICIT_RETAIN_SELF = YES;
				CLANG_WARN_OBJC_LITERAL_CONVERSION = YES;
				CLANG_WARN_OBJC_ROOT_CLASS = YES_ERROR;
				CLANG_WARN_QUOTED_INCLUDE_IN_FRAMEWORK_HEADER = YES;
				CLANG_WARN_RANGE_LOOP_ANALYSIS = YES;
				CLANG_WARN_STRICT_PROTOTYPES = YES;
				CLANG_WARN_SUSPICIOUS_MOVE = YES;
				CLANG_WARN_UNGUARDED_AVAILABILITY = YES_AGGRESSIVE;
				CLANG_WARN_UNREACHABLE_CODE = YES;
				CLANG_WARN__DUPLICATE_METHOD_MATCH = YES;
				COPY_PHASE_STRIP = NO;
				DEBUG_INFORMATION_FORMAT = "dwarf-with-dsym";
				ENABLE_NS_ASSERTIONS = NO;
				ENABLE_STRICT_OBJC_MSGSEND = YES;
				GCC_C_LANGUAGE_STANDARD = gnu11;
				GCC_NO_COMMON_BLOCKS = YES;
				GCC_WARN_64_TO_32_BIT_CONVERSION = YES;
				GCC_WARN_ABOUT_RETURN_TYPE = YES_ERROR;
				GCC_WARN_UNDECLARED_SELECTOR = YES;
				GCC_WARN_UNINITIALIZED_AUTOS = YES_AGGRESSIVE;
				GCC_WARN_UNUSED_FUNCTION = YES;
				GCC_WARN_UNUSED_VARIABLE = YES;
				IPHONEOS_DEPLOYMENT_TARGET = 16.4;
				MTL_ENABLE_DEBUG_INFO = NO;
				MTL_FAST_MATH = YES;
				SDKROOT = iphoneos;
				SWIFT_COMPILATION_MODE = wholemodule;
				SWIFT_OPTIMIZATION_LEVEL = "-O";
				VALIDATE_PRODUCT = YES;
			};
			name = Release;
		};
		97F0A5542AC9050D00C108A8 /* Debug */ = {
			isa = XCBuildConfiguration;
			buildSettings = {
				ASSETCATALOG_COMPILER_APPICON_NAME = AppIcon;
				ASSETCATALOG_COMPILER_GLOBAL_ACCENT_COLOR_NAME = AccentColor;
				CODE_SIGN_STYLE = Automatic;
				CURRENT_PROJECT_VERSION = 1;
				DEVELOPMENT_ASSET_PATHS = "\"AudioProcessor/Preview Content\"";
				DEVELOPMENT_TEAM = CLBU977T8P;
				ENABLE_PREVIEWS = YES;
				GENERATE_INFOPLIST_FILE = YES;
				INFOPLIST_KEY_UIApplicationSceneManifest_Generation = YES;
				INFOPLIST_KEY_UIApplicationSupportsIndirectInputEvents = YES;
				INFOPLIST_KEY_UILaunchScreen_Generation = YES;
				INFOPLIST_KEY_UISupportedInterfaceOrientations_iPad = "UIInterfaceOrientationPortrait UIInterfaceOrientationPortraitUpsideDown UIInterfaceOrientationLandscapeLeft UIInterfaceOrientationLandscapeRight";
				INFOPLIST_KEY_UISupportedInterfaceOrientations_iPhone = "UIInterfaceOrientationPortrait UIInterfaceOrientationLandscapeLeft UIInterfaceOrientationLandscapeRight";
				LD_RUNPATH_SEARCH_PATHS = (
					"$(inherited)",
					"@executable_path/Frameworks",
				);
				MARKETING_VERSION = 1.0;
				PRODUCT_BUNDLE_IDENTIFIER = August.AudioProcessor;
				PRODUCT_NAME = "$(TARGET_NAME)";
				SWIFT_EMIT_LOC_STRINGS = YES;
				SWIFT_VERSION = 5.0;
				TARGETED_DEVICE_FAMILY = "1,2";
			};
			name = Debug;
		};
		97F0A5552AC9050D00C108A8 /* Release */ = {
			isa = XCBuildConfiguration;
			buildSettings = {
				ASSETCATALOG_COMPILER_APPICON_NAME = AppIcon;
				ASSETCATALOG_COMPILER_GLOBAL_ACCENT_COLOR_NAME = AccentColor;
				CODE_SIGN_STYLE = Automatic;
				CURRENT_PROJECT_VERSION = 1;
				DEVELOPMENT_ASSET_PATHS = "\"AudioProcessor/Preview Content\"";
				DEVELOPMENT_TEAM = CLBU977T8P;
				ENABLE_PREVIEWS = YES;
				GENERATE_INFOPLIST_FILE = YES;
				INFOPLIST_KEY_UIApplicationSceneManifest_Generation = YES;
				INFOPLIST_KEY_UIApplicationSupportsIndirectInputEvents = YES;
				INFOPLIST_KEY_UILaunchScreen_Generation = YES;
				INFOPLIST_KEY_UISupportedInterfaceOrientations_iPad = "UIInterfaceOrientationPortrait UIInterfaceOrientationPortraitUpsideDown UIInterfaceOrientationLandscapeLeft UIInterfaceOrientationLandscapeRight";
				INFOPLIST_KEY_UISupportedInterfaceOrientations_iPhone = "UIInterfaceOrientationPortrait UIInterfaceOrientationLandscapeLeft UIInterfaceOrientationLandscapeRight";
				LD_RUNPATH_SEARCH_PATHS = (
					"$(inherited)",
					"@executable_path/Frameworks",
				);
				MARKETING_VERSION = 1.0;
				PRODUCT_BUNDLE_IDENTIFIER = August.AudioProcessor;
				PRODUCT_NAME = "$(TARGET_NAME)";
				SWIFT_EMIT_LOC_STRINGS = YES;
				SWIFT_VERSION = 5.0;
				TARGETED_DEVICE_FAMILY = "1,2";
			};
			name = Release;
		};
		97F0A5572AC9050D00C108A8 /* Debug */ = {
			isa = XCBuildConfiguration;
			buildSettings = {
				ALWAYS_EMBED_SWIFT_STANDARD_LIBRARIES = YES;
				BUNDLE_LOADER = "$(TEST_HOST)";
				CODE_SIGN_STYLE = Automatic;
				CURRENT_PROJECT_VERSION = 1;
				DEVELOPMENT_TEAM = CLBU977T8P;
				GENERATE_INFOPLIST_FILE = YES;
				IPHONEOS_DEPLOYMENT_TARGET = 16.4;
				MARKETING_VERSION = 1.0;
				PRODUCT_BUNDLE_IDENTIFIER = August.AudioProcessorTests;
				PRODUCT_NAME = "$(TARGET_NAME)";
				SWIFT_EMIT_LOC_STRINGS = NO;
				SWIFT_VERSION = 5.0;
				TARGETED_DEVICE_FAMILY = "1,2";
				TEST_HOST = "$(BUILT_PRODUCTS_DIR)/AudioProcessor.app/$(BUNDLE_EXECUTABLE_FOLDER_PATH)/AudioProcessor";
			};
			name = Debug;
		};
		97F0A5582AC9050D00C108A8 /* Release */ = {
			isa = XCBuildConfiguration;
			buildSettings = {
				ALWAYS_EMBED_SWIFT_STANDARD_LIBRARIES = YES;
				BUNDLE_LOADER = "$(TEST_HOST)";
				CODE_SIGN_STYLE = Automatic;
				CURRENT_PROJECT_VERSION = 1;
				DEVELOPMENT_TEAM = CLBU977T8P;
				GENERATE_INFOPLIST_FILE = YES;
				IPHONEOS_DEPLOYMENT_TARGET = 16.4;
				MARKETING_VERSION = 1.0;
				PRODUCT_BUNDLE_IDENTIFIER = August.AudioProcessorTests;
				PRODUCT_NAME = "$(TARGET_NAME)";
				SWIFT_EMIT_LOC_STRINGS = NO;
				SWIFT_VERSION = 5.0;
				TARGETED_DEVICE_FAMILY = "1,2";
				TEST_HOST = "$(BUILT_PRODUCTS_DIR)/AudioProcessor.app/$(BUNDLE_EXECUTABLE_FOLDER_PATH)/AudioProcessor";
			};
			name = Release;
		};
		97F0A55A2AC9050D00C108A8 /* Debug */ = {
			isa = XCBuildConfiguration;
			buildSettings = {
				ALWAYS_EMBED_SWIFT_STANDARD_LIBRARIES = YES;
				CODE_SIGN_STYLE = Automatic;
				CURRENT_PROJECT_VERSION = 1;
				DEVELOPMENT_TEAM = CLBU977T8P;
				GENERATE_INFOPLIST_FILE = YES;
				MARKETING_VERSION = 1.0;
				PRODUCT_BUNDLE_IDENTIFIER = August.AudioProcessorUITests;
				PRODUCT_NAME = "$(TARGET_NAME)";
				SWIFT_EMIT_LOC_STRINGS = NO;
				SWIFT_VERSION = 5.0;
				TARGETED_DEVICE_FAMILY = "1,2";
				TEST_TARGET_NAME = AudioProcessor;
			};
			name = Debug;
		};
		97F0A55B2AC9050D00C108A8 /* Release */ = {
			isa = XCBuildConfiguration;
			buildSettings = {
				ALWAYS_EMBED_SWIFT_STANDARD_LIBRARIES = YES;
				CODE_SIGN_STYLE = Automatic;
				CURRENT_PROJECT_VERSION = 1;
				DEVELOPMENT_TEAM = CLBU977T8P;
				GENERATE_INFOPLIST_FILE = YES;
				MARKETING_VERSION = 1.0;
				PRODUCT_BUNDLE_IDENTIFIER = August.AudioProcessorUITests;
				PRODUCT_NAME = "$(TARGET_NAME)";
				SWIFT_EMIT_LOC_STRINGS = NO;
				SWIFT_VERSION = 5.0;
				TARGETED_DEVICE_FAMILY = "1,2";
				TEST_TARGET_NAME = AudioProcessor;
			};
			name = Release;
		};
/* End XCBuildConfiguration section */

/* Begin XCConfigurationList section */
		97F0A5252AC9050A00C108A8 /* Build configuration list for PBXProject "AudioProcessor" */ = {
			isa = XCConfigurationList;
			buildConfigurations = (
				97F0A5512AC9050D00C108A8 /* Debug */,
				97F0A5522AC9050D00C108A8 /* Release */,
			);
			defaultConfigurationIsVisible = 0;
			defaultConfigurationName = Release;
		};
		97F0A5532AC9050D00C108A8 /* Build configuration list for PBXNativeTarget "AudioProcessor" */ = {
			isa = XCConfigurationList;
			buildConfigurations = (
				97F0A5542AC9050D00C108A8 /* Debug */,
				97F0A5552AC9050D00C108A8 /* Release */,
			);
			defaultConfigurationIsVisible = 0;
			defaultConfigurationName = Release;
		};
		97F0A5562AC9050D00C108A8 /* Build configuration list for PBXNativeTarget "AudioProcessorTests" */ = {
			isa = XCConfigurationList;
			buildConfigurations = (
				97F0A5572AC9050D00C108A8 /* Debug */,
				97F0A5582AC9050D00C108A8 /* Release */,
			);
			defaultConfigurationIsVisible = 0;
			defaultConfigurationName = Release;
		};
		97F0A5592AC9050D00C108A8 /* Build configuration list for PBXNativeTarget "AudioProcessorUITests" */ = {
			isa = XCConfigurationList;
			buildConfigurations = (
				97F0A55A2AC9050D00C108A8 /* Debug */,
				97F0A55B2AC9050D00C108A8 /* Release */,
			);
			defaultConfigurationIsVisible = 0;
			defaultConfigurationName = Release;
		};
/* End XCConfigurationList section */

/* Begin XCVersionGroup section */
		97F0A5382AC9050C00C108A8 /* AudioProcessor.xcdatamodeld */ = {
			isa = XCVersionGroup;
			children = (
				97F0A5392AC9050C00C108A8 /* AudioProcessor.xcdatamodel */,
			);
			currentVersion = 97F0A5392AC9050C00C108A8 /* AudioProcessor.xcdatamodel */;
			path = AudioProcessor.xcdatamodeld;
			sourceTree = "<group>";
			versionGroupType = wrapper.xcdatamodel;
		};
/* End XCVersionGroup section */
	};
	rootObject = 97F0A5222AC9050A00C108A8 /* Project object */;
}
